<?xml version="1.0" encoding="utf-8"?>
<Project ToolsVersion="4.0" xmlns="http://schemas.microsoft.com/developer/msbuild/2003">
  <ItemGroup>
    <Filter Include="ソース ファイル">
      <UniqueIdentifier>{4FC737F1-C7A5-4376-A066-2A32D752A2FF}</UniqueIdentifier>
      <Extensions>cpp;c;cc;cxx;def;odl;idl;hpj;bat;asm;asmx</Extensions>
    </Filter>
    <Filter Include="ヘッダー ファイル">
      <UniqueIdentifier>{93995380-89BD-4b04-88EB-625FBE52EBFB}</UniqueIdentifier>
      <Extensions>h;hh;hpp;hxx;hm;inl;inc;ipp;xsd</Extensions>
    </Filter>
    <Filter Include="リソース ファイル">
      <UniqueIdentifier>{67DA6AB6-F800-4c08-8B7A-83BB121AAD01}</UniqueIdentifier>
      <Extensions>rc;ico;cur;bmp;dlg;rc2;rct;bin;rgs;gif;jpg;jpeg;jpe;resx;tiff;tif;png;wav;mfcribbon-ms</Extensions>
    </Filter>
    <Filter Include="ソース ファイル\SubObject">
      <UniqueIdentifier>{417a07d7-20db-4369-9033-20e16d0200af}</UniqueIdentifier>
    </Filter>
    <Filter Include="ヘッダー ファイル\SubObject">
      <UniqueIdentifier>{8b85edf2-9ddb-40e2-808c-4bc5271b97e5}</UniqueIdentifier>
    </Filter>
    <Filter Include="ソース ファイル\Shader">
      <UniqueIdentifier>{a3bb6840-93cd-4669-a310-e7ee5c6446ec}</UniqueIdentifier>
    </Filter>
    <Filter Include="ヘッダー ファイル\Shader">
      <UniqueIdentifier>{ef205325-e9ea-4630-aec9-4eb0ab75046a}</UniqueIdentifier>
    </Filter>
    <Filter Include="ソース ファイル\hlsl">
      <UniqueIdentifier>{ef831244-f45e-49a1-b132-c2ef4919ccd5}</UniqueIdentifier>
    </Filter>
    <Filter Include="ソース ファイル\Helper">
      <UniqueIdentifier>{85c919ad-8176-4c48-98dc-ed61f73c6bd5}</UniqueIdentifier>
    </Filter>
    <Filter Include="ヘッダー ファイル\Helper">
      <UniqueIdentifier>{96540d01-77a8-46ca-bb43-56b80223c33f}</UniqueIdentifier>
    </Filter>
  </ItemGroup>
  <ItemGroup>
    <ClCompile Include="main.cpp">
      <Filter>ソース ファイル</Filter>
    </ClCompile>
    <ClCompile Include="GameApp.cpp">
      <Filter>ソース ファイル</Filter>
    </ClCompile>
    <ClCompile Include="SubObjects\ExportAssociation.cpp">
      <Filter>ソース ファイル\SubObject</Filter>
    </ClCompile>
    <ClCompile Include="Helper\CharConvert.cpp">
      <Filter>ソース ファイル\Helper</Filter>
    </ClCompile>
    <ClCompile Include="Helper\D3DCreateHelper.cpp">
      <Filter>ソース ファイル\Helper</Filter>
    </ClCompile>
    <ClCompile Include="Shader\DirectXCompiler.cpp">
      <Filter>ソース ファイル\Shader</Filter>
    </ClCompile>
    <ClCompile Include="Shader\DxilEntryPoints.cpp">
      <Filter>ソース ファイル\Shader</Filter>
    </ClCompile>
    <ClCompile Include="SubObjects\HitShaders.cpp">
      <Filter>ソース ファイル\SubObject</Filter>
    </ClCompile>
    <ClCompile Include="SubObjects\RtRootSignature.cpp">
      <Filter>ソース ファイル\SubObject</Filter>
    </ClCompile>
    <ClCompile Include="SubObjects\ShaderConfig.cpp">
      <Filter>ソース ファイル\SubObject</Filter>
    </ClCompile>
    <ClCompile Include="SubObjects\SubObject.cpp">
      <Filter>ソース ファイル\SubObject</Filter>
    </ClCompile>
    <ClCompile Include="SubObjects\SubObjectsCreate.cpp">
      <Filter>ソース ファイル\SubObject</Filter>
    </ClCompile>
    <ClCompile Include="AccelerationStructure\AccelerationStructure.cpp">
      <Filter>ソース ファイル</Filter>
    </ClCompile>
    <ClCompile Include="PipelineState\RtPipelineState.cpp">
      <Filter>ソース ファイル</Filter>
    </ClCompile>
    <ClCompile Include="Shader\ShaderTable.cpp">
      <Filter>ソース ファイル</Filter>
    </ClCompile>
    <ClCompile Include="D3DDescriptorHeap.cpp">
      <Filter>ソース ファイル</Filter>
    </ClCompile>
    <ClCompile Include="RayTraceRenderer.cpp">
      <Filter>ソース ファイル</Filter>
    </ClCompile>
    <ClCompile Include="GameObject.cpp">
      <Filter>ソース ファイル</Filter>
    </ClCompile>
    <ClCompile Include="InstanceCreator.cpp">
      <Filter>ソース ファイル</Filter>
    </ClCompile>
    <ClCompile Include="RenderResources.cpp">
      <Filter>ソース ファイル</Filter>
    </ClCompile>
    <ClCompile Include="SubObjects\RtPipelineConfig.cpp">
      <Filter>ソース ファイル\SubObject</Filter>
    </ClCompile>
    <ClCompile Include="RootSignatureDescBundle.cpp">
      <Filter>ソース ファイル</Filter>
    </ClCompile>
    <ClCompile Include="D3DResource.cpp">
      <Filter>ソース ファイル</Filter>
    </ClCompile>
    <ClCompile Include="DrawObjectCreator.cpp">
      <Filter>ソース ファイル</Filter>
    </ClCompile>
    <ClCompile Include="D3DHeplerFunction.cpp">
      <Filter>ソース ファイル</Filter>
    </ClCompile>
  </ItemGroup>
  <ItemGroup>
    <ClInclude Include="GameApp.h">
      <Filter>ヘッダー ファイル</Filter>
    </ClInclude>
    <ClInclude Include="SubObjects\ExportAssociation.h">
      <Filter>ヘッダー ファイル\SubObject</Filter>
    </ClInclude>
    <ClInclude Include="Helper\CharConvert.h">
      <Filter>ヘッダー ファイル\Helper</Filter>
    </ClInclude>
    <ClInclude Include="Helper\Comptr.h">
      <Filter>ヘッダー ファイル\Helper</Filter>
    </ClInclude>
    <ClInclude Include="Helper\D3DCreateHelper.h">
      <Filter>ヘッダー ファイル\Helper</Filter>
    </ClInclude>
    <ClInclude Include="Shader\DirectXCompiler.h">
      <Filter>ヘッダー ファイル\Shader</Filter>
    </ClInclude>
    <ClInclude Include="Shader\DxilEntryPoints.h">
      <Filter>ヘッダー ファイル\Shader</Filter>
    </ClInclude>
    <ClInclude Include="SubObjects\HitShaders.h">
      <Filter>ヘッダー ファイル\SubObject</Filter>
    </ClInclude>
    <ClInclude Include="SubObjects\RtRootSignature.h">
      <Filter>ヘッダー ファイル\SubObject</Filter>
    </ClInclude>
    <ClInclude Include="SubObjects\ShaderConfig.h">
      <Filter>ヘッダー ファイル\SubObject</Filter>
    </ClInclude>
    <ClInclude Include="SubObjects\SubObject.h">
      <Filter>ヘッダー ファイル\SubObject</Filter>
    </ClInclude>
    <ClInclude Include="SubObjects\SubObjectsCreate.h">
      <Filter>ヘッダー ファイル\SubObject</Filter>
    </ClInclude>
    <ClInclude Include="AccelerationStructure\AccelerationStructure.h">
      <Filter>ヘッダー ファイル</Filter>
    </ClInclude>
    <ClInclude Include="PipelineState\RtPipelineState.h">
      <Filter>ヘッダー ファイル</Filter>
    </ClInclude>
    <ClInclude Include="Shader\ShaderTable.h">
      <Filter>ヘッダー ファイル</Filter>
    </ClInclude>
    <ClInclude Include="D3DDescriptorHeap.h">
      <Filter>ヘッダー ファイル</Filter>
    </ClInclude>
    <ClInclude Include="RayTraceRenderer.h">
      <Filter>ヘッダー ファイル</Filter>
    </ClInclude>
    <ClInclude Include="GameObject.h">
      <Filter>ヘッダー ファイル</Filter>
    </ClInclude>
    <ClInclude Include="InstanceCreator.h">
      <Filter>ヘッダー ファイル</Filter>
    </ClInclude>
    <ClInclude Include="RenderResources.h">
      <Filter>ヘッダー ファイル</Filter>
    </ClInclude>
    <ClInclude Include="SubObjects\RtPipelineConfig.h">
      <Filter>ヘッダー ファイル\SubObject</Filter>
    </ClInclude>
    <ClInclude Include="RootSignatureDescBundle.h">
      <Filter>ヘッダー ファイル</Filter>
    </ClInclude>
    <ClInclude Include="D3DResource.h">
      <Filter>ヘッダー ファイル</Filter>
    </ClInclude>
    <ClInclude Include="DrawObjectCreator.h">
      <Filter>ヘッダー ファイル</Filter>
    </ClInclude>
    <ClInclude Include="D3DHeplerFunction.h">
      <Filter>ヘッダー ファイル</Filter>
    </ClInclude>
  </ItemGroup>
  <ItemGroup>
    <FxCompile Include="hlsl\RGShader.hlsl">
      <Filter>ソース ファイル\hlsl</Filter>
    </FxCompile>
  </ItemGroup>
</Project>